// !$*UTF8*$!
{
	archiveVersion = 1;
	classes = {
	};
	objectVersion = 56;
	objects = {

/* Begin PBXBuildFile section */
		D873379F2A80966700BE6F6A /* AppDelegate.swift in Sources */ = {isa = PBXBuildFile; fileRef = D873379E2A80966700BE6F6A /* AppDelegate.swift */; };
		D87337A12A80966700BE6F6A /* SceneDelegate.swift in Sources */ = {isa = PBXBuildFile; fileRef = D87337A02A80966700BE6F6A /* SceneDelegate.swift */; };
		D87337A32A80966700BE6F6A /* ViewController.swift in Sources */ = {isa = PBXBuildFile; fileRef = D87337A22A80966700BE6F6A /* ViewController.swift */; };
		D87337A62A80966700BE6F6A /* Main.storyboard in Resources */ = {isa = PBXBuildFile; fileRef = D87337A42A80966700BE6F6A /* Main.storyboard */; };
		D87337A82A80966900BE6F6A /* Assets.xcassets in Resources */ = {isa = PBXBuildFile; fileRef = D87337A72A80966900BE6F6A /* Assets.xcassets */; };
		D87337AB2A80966900BE6F6A /* LaunchScreen.storyboard in Resources */ = {isa = PBXBuildFile; fileRef = D87337A92A80966900BE6F6A /* LaunchScreen.storyboard */; };
		D87337B42A8096B100BE6F6A /* Alamofire in Frameworks */ = {isa = PBXBuildFile; productRef = D87337B32A8096B100BE6F6A /* Alamofire */; };
		D87337B72A8096BF00BE6F6A /* Kingfisher in Frameworks */ = {isa = PBXBuildFile; productRef = D87337B62A8096BF00BE6F6A /* Kingfisher */; };
		D87337BA2A8096CD00BE6F6A /* SwiftyJSON in Frameworks */ = {isa = PBXBuildFile; productRef = D87337B92A8096CD00BE6F6A /* SwiftyJSON */; };
		D87337BC2A809B9D00BE6F6A /* .gitignore in Resources */ = {isa = PBXBuildFile; fileRef = D87337BB2A809B9D00BE6F6A /* .gitignore */; };
		D87337BE2A809C2D00BE6F6A /* TranslationViewController.swift in Sources */ = {isa = PBXBuildFile; fileRef = D87337BD2A809C2D00BE6F6A /* TranslationViewController.swift */; };
		D87337C02A809C5C00BE6F6A /* APIKey.swift in Sources */ = {isa = PBXBuildFile; fileRef = D87337BF2A809C5C00BE6F6A /* APIKey.swift */; };
		D87337C52A81C4CD00BE6F6A /* WeatherViewController.swift in Sources */ = {isa = PBXBuildFile; fileRef = D87337C42A81C4CD00BE6F6A /* WeatherViewController.swift */; };
		D87337C72A81E78000BE6F6A /* VideoViewController.swift in Sources */ = {isa = PBXBuildFile; fileRef = D87337C62A81E78000BE6F6A /* VideoViewController.swift */; };
		D87337C92A820DCD00BE6F6A /* BeerViewController.swift in Sources */ = {isa = PBXBuildFile; fileRef = D87337C82A820DCD00BE6F6A /* BeerViewController.swift */; };
		D87337CB2A821E2F00BE6F6A /* BeerListViewController.swift in Sources */ = {isa = PBXBuildFile; fileRef = D87337CA2A821E2F00BE6F6A /* BeerListViewController.swift */; };
		D87337D22A82284A00BE6F6A /* BeerListCollectionViewCell.swift in Sources */ = {isa = PBXBuildFile; fileRef = D87337D02A82284A00BE6F6A /* BeerListCollectionViewCell.swift */; };
		D87337D32A82284A00BE6F6A /* BeerListCollectionViewCell.xib in Resources */ = {isa = PBXBuildFile; fileRef = D87337D12A82284A00BE6F6A /* BeerListCollectionViewCell.xib */; };
		D87337D52A82398100BE6F6A /* Json.swift in Sources */ = {isa = PBXBuildFile; fileRef = D87337D42A82398100BE6F6A /* Json.swift */; };
		D87337D72A83230B00BE6F6A /* VideoTableViewCell.swift in Sources */ = {isa = PBXBuildFile; fileRef = D87337D62A83230B00BE6F6A /* VideoTableViewCell.swift */; };
/* End PBXBuildFile section */

/* Begin PBXFileReference section */
		D873379B2A80966700BE6F6A /* SeSACWeek4.app */ = {isa = PBXFileReference; explicitFileType = wrapper.application; includeInIndex = 0; path = SeSACWeek4.app; sourceTree = BUILT_PRODUCTS_DIR; };
		D873379E2A80966700BE6F6A /* AppDelegate.swift */ = {isa = PBXFileReference; lastKnownFileType = sourcecode.swift; path = AppDelegate.swift; sourceTree = "<group>"; };
		D87337A02A80966700BE6F6A /* SceneDelegate.swift */ = {isa = PBXFileReference; lastKnownFileType = sourcecode.swift; path = SceneDelegate.swift; sourceTree = "<group>"; };
		D87337A22A80966700BE6F6A /* ViewController.swift */ = {isa = PBXFileReference; lastKnownFileType = sourcecode.swift; path = ViewController.swift; sourceTree = "<group>"; };
		D87337A52A80966700BE6F6A /* Base */ = {isa = PBXFileReference; lastKnownFileType = file.storyboard; name = Base; path = Base.lproj/Main.storyboard; sourceTree = "<group>"; };
		D87337A72A80966900BE6F6A /* Assets.xcassets */ = {isa = PBXFileReference; lastKnownFileType = folder.assetcatalog; path = Assets.xcassets; sourceTree = "<group>"; };
		D87337AA2A80966900BE6F6A /* Base */ = {isa = PBXFileReference; lastKnownFileType = file.storyboard; name = Base; path = Base.lproj/LaunchScreen.storyboard; sourceTree = "<group>"; };
		D87337AC2A80966900BE6F6A /* Info.plist */ = {isa = PBXFileReference; lastKnownFileType = text.plist.xml; path = Info.plist; sourceTree = "<group>"; };
		D87337BB2A809B9D00BE6F6A /* .gitignore */ = {isa = PBXFileReference; lastKnownFileType = text; path = .gitignore; sourceTree = "<group>"; };
		D87337BD2A809C2D00BE6F6A /* TranslationViewController.swift */ = {isa = PBXFileReference; lastKnownFileType = sourcecode.swift; path = TranslationViewController.swift; sourceTree = "<group>"; };
		D87337BF2A809C5C00BE6F6A /* APIKey.swift */ = {isa = PBXFileReference; lastKnownFileType = sourcecode.swift; path = APIKey.swift; sourceTree = "<group>"; };
		D87337C42A81C4CD00BE6F6A /* WeatherViewController.swift */ = {isa = PBXFileReference; lastKnownFileType = sourcecode.swift; path = WeatherViewController.swift; sourceTree = "<group>"; };
		D87337C62A81E78000BE6F6A /* VideoViewController.swift */ = {isa = PBXFileReference; lastKnownFileType = sourcecode.swift; path = VideoViewController.swift; sourceTree = SOURCE_ROOT; };
		D87337C82A820DCD00BE6F6A /* BeerViewController.swift */ = {isa = PBXFileReference; lastKnownFileType = sourcecode.swift; path = BeerViewController.swift; sourceTree = "<group>"; };
		D87337CA2A821E2F00BE6F6A /* BeerListViewController.swift */ = {isa = PBXFileReference; lastKnownFileType = sourcecode.swift; path = BeerListViewController.swift; sourceTree = SOURCE_ROOT; };
		D87337D02A82284A00BE6F6A /* BeerListCollectionViewCell.swift */ = {isa = PBXFileReference; lastKnownFileType = sourcecode.swift; path = BeerListCollectionViewCell.swift; sourceTree = "<group>"; };
		D87337D12A82284A00BE6F6A /* BeerListCollectionViewCell.xib */ = {isa = PBXFileReference; lastKnownFileType = file.xib; path = BeerListCollectionViewCell.xib; sourceTree = "<group>"; };
		D87337D42A82398100BE6F6A /* Json.swift */ = {isa = PBXFileReference; lastKnownFileType = sourcecode.swift; path = Json.swift; sourceTree = SOURCE_ROOT; };
		D87337D62A83230B00BE6F6A /* VideoTableViewCell.swift */ = {isa = PBXFileReference; lastKnownFileType = sourcecode.swift; path = VideoTableViewCell.swift; sourceTree = SOURCE_ROOT; };
/* End PBXFileReference section */

/* Begin PBXFrameworksBuildPhase section */
		D87337982A80966700BE6F6A /* Frameworks */ = {
			isa = PBXFrameworksBuildPhase;
			buildActionMask = 2147483647;
			files = (
				D87337BA2A8096CD00BE6F6A /* SwiftyJSON in Frameworks */,
				D87337B72A8096BF00BE6F6A /* Kingfisher in Frameworks */,
				D87337B42A8096B100BE6F6A /* Alamofire in Frameworks */,
			);
			runOnlyForDeploymentPostprocessing = 0;
		};
/* End PBXFrameworksBuildPhase section */

/* Begin PBXGroup section */
		D87337922A80966700BE6F6A = {
			isa = PBXGroup;
			children = (
				D873379D2A80966700BE6F6A /* SeSACWeek4 */,
				D873379C2A80966700BE6F6A /* Products */,
			);
			sourceTree = "<group>";
		};
		D873379C2A80966700BE6F6A /* Products */ = {
			isa = PBXGroup;
			children = (
				D873379B2A80966700BE6F6A /* SeSACWeek4.app */,
			);
			name = Products;
			sourceTree = "<group>";
		};
		D873379D2A80966700BE6F6A /* SeSACWeek4 */ = {
			isa = PBXGroup;
			children = (
				D87337D62A83230B00BE6F6A /* VideoTableViewCell.swift */,
				D87337D42A82398100BE6F6A /* Json.swift */,
				D87337CA2A821E2F00BE6F6A /* BeerListViewController.swift */,
				D87337D02A82284A00BE6F6A /* BeerListCollectionViewCell.swift */,
				D87337D12A82284A00BE6F6A /* BeerListCollectionViewCell.xib */,
				D87337C62A81E78000BE6F6A /* VideoViewController.swift */,
				D873379E2A80966700BE6F6A /* AppDelegate.swift */,
				D87337A02A80966700BE6F6A /* SceneDelegate.swift */,
				D87337A22A80966700BE6F6A /* ViewController.swift */,
				D87337BB2A809B9D00BE6F6A /* .gitignore */,
				D87337BF2A809C5C00BE6F6A /* APIKey.swift */,
				D87337BD2A809C2D00BE6F6A /* TranslationViewController.swift */,
				D87337A42A80966700BE6F6A /* Main.storyboard */,
				D87337C82A820DCD00BE6F6A /* BeerViewController.swift */,
				D87337C42A81C4CD00BE6F6A /* WeatherViewController.swift */,
				D87337A72A80966900BE6F6A /* Assets.xcassets */,
				D87337A92A80966900BE6F6A /* LaunchScreen.storyboard */,
				D87337AC2A80966900BE6F6A /* Info.plist */,
			);
			path = SeSACWeek4;
			sourceTree = "<group>";
		};
/* End PBXGroup section */

/* Begin PBXNativeTarget section */
		D873379A2A80966700BE6F6A /* SeSACWeek4 */ = {
			isa = PBXNativeTarget;
			buildConfigurationList = D87337AF2A80966900BE6F6A /* Build configuration list for PBXNativeTarget "SeSACWeek4" */;
			buildPhases = (
				D87337972A80966700BE6F6A /* Sources */,
				D87337982A80966700BE6F6A /* Frameworks */,
				D87337992A80966700BE6F6A /* Resources */,
			);
			buildRules = (
			);
			dependencies = (
			);
			name = SeSACWeek4;
			packageProductDependencies = (
				D87337B32A8096B100BE6F6A /* Alamofire */,
				D87337B62A8096BF00BE6F6A /* Kingfisher */,
				D87337B92A8096CD00BE6F6A /* SwiftyJSON */,
			);
			productName = SeSACWeek4;
			productReference = D873379B2A80966700BE6F6A /* SeSACWeek4.app */;
			productType = "com.apple.product-type.application";
		};
/* End PBXNativeTarget section */

/* Begin PBXProject section */
		D87337932A80966700BE6F6A /* Project object */ = {
			isa = PBXProject;
			attributes = {
				BuildIndependentTargetsInParallel = 1;
				LastSwiftUpdateCheck = 1430;
				LastUpgradeCheck = 1430;
				TargetAttributes = {
					D873379A2A80966700BE6F6A = {
						CreatedOnToolsVersion = 14.3.1;
					};
				};
			};
			buildConfigurationList = D87337962A80966700BE6F6A /* Build configuration list for PBXProject "SeSACWeek4" */;
			compatibilityVersion = "Xcode 14.0";
			developmentRegion = en;
			hasScannedForEncodings = 0;
			knownRegions = (
				en,
				Base,
			);
			mainGroup = D87337922A80966700BE6F6A;
			packageReferences = (
				D87337B22A8096B100BE6F6A /* XCRemoteSwiftPackageReference "Alamofire" */,
				D87337B52A8096BF00BE6F6A /* XCRemoteSwiftPackageReference "Kingfisher" */,
				D87337B82A8096CD00BE6F6A /* XCRemoteSwiftPackageReference "SwiftyJSON" */,
			);
			productRefGroup = D873379C2A80966700BE6F6A /* Products */;
			projectDirPath = "";
			projectRoot = "";
			targets = (
				D873379A2A80966700BE6F6A /* SeSACWeek4 */,
			);
		};
/* End PBXProject section */

/* Begin PBXResourcesBuildPhase section */
		D87337992A80966700BE6F6A /* Resources */ = {
			isa = PBXResourcesBuildPhase;
			buildActionMask = 2147483647;
			files = (
				D87337D32A82284A00BE6F6A /* BeerListCollectionViewCell.xib in Resources */,
				D87337BC2A809B9D00BE6F6A /* .gitignore in Resources */,
				D87337AB2A80966900BE6F6A /* LaunchScreen.storyboard in Resources */,
				D87337A82A80966900BE6F6A /* Assets.xcassets in Resources */,
				D87337A62A80966700BE6F6A /* Main.storyboard in Resources */,
			);
			runOnlyForDeploymentPostprocessing = 0;
		};
/* End PBXResourcesBuildPhase section */

/* Begin PBXSourcesBuildPhase section */
		D87337972A80966700BE6F6A /* Sources */ = {
			isa = PBXSourcesBuildPhase;
			buildActionMask = 2147483647;
			files = (
				D87337C92A820DCD00BE6F6A /* BeerViewController.swift in Sources */,
				D87337BE2A809C2D00BE6F6A /* TranslationViewController.swift in Sources */,
				D87337C72A81E78000BE6F6A /* VideoViewController.swift in Sources */,
				D87337CB2A821E2F00BE6F6A /* BeerListViewController.swift in Sources */,
				D87337C52A81C4CD00BE6F6A /* WeatherViewController.swift in Sources */,
				D87337D72A83230B00BE6F6A /* VideoTableViewCell.swift in Sources */,
				D87337A32A80966700BE6F6A /* ViewController.swift in Sources */,
				D87337D52A82398100BE6F6A /* Json.swift in Sources */,
				D87337D22A82284A00BE6F6A /* BeerListCollectionViewCell.swift in Sources */,
				D873379F2A80966700BE6F6A /* AppDelegate.swift in Sources */,
				D87337A12A80966700BE6F6A /* SceneDelegate.swift in Sources */,
				D87337C02A809C5C00BE6F6A /* APIKey.swift in Sources */,
			);
			runOnlyForDeploymentPostprocessing = 0;
		};
/* End PBXSourcesBuildPhase section */

/* Begin PBXVariantGroup section */
		D87337A42A80966700BE6F6A /* Main.storyboard */ = {
			isa = PBXVariantGroup;
			children = (
				D87337A52A80966700BE6F6A /* Base */,
			);
			name = Main.storyboard;
			sourceTree = "<group>";
		};
		D87337A92A80966900BE6F6A /* LaunchScreen.storyboard */ = {
			isa = PBXVariantGroup;
			children = (
				D87337AA2A80966900BE6F6A /* Base */,
			);
			name = LaunchScreen.storyboard;
			sourceTree = "<group>";
		};
/* End PBXVariantGroup section */

/* Begin XCBuildConfiguration section */
		D87337AD2A80966900BE6F6A /* Debug */ = {
			isa = XCBuildConfiguration;
			buildSettings = {
				ALWAYS_SEARCH_USER_PATHS = NO;
				CLANG_ANALYZER_NONNULL = YES;
				CLANG_ANALYZER_NUMBER_OBJECT_CONVERSION = YES_AGGRESSIVE;
				CLANG_CXX_LANGUAGE_STANDARD = "gnu++20";
				CLANG_ENABLE_MODULES = YES;
				CLANG_ENABLE_OBJC_ARC = YES;
				CLANG_ENABLE_OBJC_WEAK = YES;
				CLANG_WARN_BLOCK_CAPTURE_AUTORELEASING = YES;
				CLANG_WARN_BOOL_CONVERSION = YES;
				CLANG_WARN_COMMA = YES;
				CLANG_WARN_CONSTANT_CONVERSION = YES;
				CLANG_WARN_DEPRECATED_OBJC_IMPLEMENTATIONS = YES;
				CLANG_WARN_DIRECT_OBJC_ISA_USAGE = YES_ERROR;
				CLANG_WARN_DOCUMENTATION_COMMENTS = YES;
				CLANG_WARN_EMPTY_BODY = YES;
				CLANG_WARN_ENUM_CONVERSION = YES;
				CLANG_WARN_INFINITE_RECURSION = YES;
				CLANG_WARN_INT_CONVERSION = YES;
				CLANG_WARN_NON_LITERAL_NULL_CONVERSION = YES;
				CLANG_WARN_OBJC_IMPLICIT_RETAIN_SELF = YES;
				CLANG_WARN_OBJC_LITERAL_CONVERSION = YES;
				CLANG_WARN_OBJC_ROOT_CLASS = YES_ERROR;
				CLANG_WARN_QUOTED_INCLUDE_IN_FRAMEWORK_HEADER = YES;
				CLANG_WARN_RANGE_LOOP_ANALYSIS = YES;
				CLANG_WARN_STRICT_PROTOTYPES = YES;
				CLANG_WARN_SUSPICIOUS_MOVE = YES;
				CLANG_WARN_UNGUARDED_AVAILABILITY = YES_AGGRESSIVE;
				CLANG_WARN_UNREACHABLE_CODE = YES;
				CLANG_WARN__DUPLICATE_METHOD_MATCH = YES;
				COPY_PHASE_STRIP = NO;
				DEBUG_INFORMATION_FORMAT = dwarf;
				ENABLE_STRICT_OBJC_MSGSEND = YES;
				ENABLE_TESTABILITY = YES;
				GCC_C_LANGUAGE_STANDARD = gnu11;
				GCC_DYNAMIC_NO_PIC = NO;
				GCC_NO_COMMON_BLOCKS = YES;
				GCC_OPTIMIZATION_LEVEL = 0;
				GCC_PREPROCESSOR_DEFINITIONS = (
					"DEBUG=1",
					"$(inherited)",
				);
				GCC_WARN_64_TO_32_BIT_CONVERSION = YES;
				GCC_WARN_ABOUT_RETURN_TYPE = YES_ERROR;
				GCC_WARN_UNDECLARED_SELECTOR = YES;
				GCC_WARN_UNINITIALIZED_AUTOS = YES_AGGRESSIVE;
				GCC_WARN_UNUSED_FUNCTION = YES;
				GCC_WARN_UNUSED_VARIABLE = YES;
				IPHONEOS_DEPLOYMENT_TARGET = 16.4;
				MTL_ENABLE_DEBUG_INFO = INCLUDE_SOURCE;
				MTL_FAST_MATH = YES;
				ONLY_ACTIVE_ARCH = YES;
				SDKROOT = iphoneos;
				SWIFT_ACTIVE_COMPILATION_CONDITIONS = DEBUG;
				SWIFT_OPTIMIZATION_LEVEL = "-Onone";
			};
			name = Debug;
		};
		D87337AE2A80966900BE6F6A /* Release */ = {
			isa = XCBuildConfiguration;
			buildSettings = {
				ALWAYS_SEARCH_USER_PATHS = NO;
				CLANG_ANALYZER_NONNULL = YES;
				CLANG_ANALYZER_NUMBER_OBJECT_CONVERSION = YES_AGGRESSIVE;
				CLANG_CXX_LANGUAGE_STANDARD = "gnu++20";
				CLANG_ENABLE_MODULES = YES;
				CLANG_ENABLE_OBJC_ARC = YES;
				CLANG_ENABLE_OBJC_WEAK = YES;
				CLANG_WARN_BLOCK_CAPTURE_AUTORELEASING = YES;
				CLANG_WARN_BOOL_CONVERSION = YES;
				CLANG_WARN_COMMA = YES;
				CLANG_WARN_CONSTANT_CONVERSION = YES;
				CLANG_WARN_DEPRECATED_OBJC_IMPLEMENTATIONS = YES;
				CLANG_WARN_DIRECT_OBJC_ISA_USAGE = YES_ERROR;
				CLANG_WARN_DOCUMENTATION_COMMENTS = YES;
				CLANG_WARN_EMPTY_BODY = YES;
				CLANG_WARN_ENUM_CONVERSION = YES;
				CLANG_WARN_INFINITE_RECURSION = YES;
				CLANG_WARN_INT_CONVERSION = YES;
				CLANG_WARN_NON_LITERAL_NULL_CONVERSION = YES;
				CLANG_WARN_OBJC_IMPLICIT_RETAIN_SELF = YES;
				CLANG_WARN_OBJC_LITERAL_CONVERSION = YES;
				CLANG_WARN_OBJC_ROOT_CLASS = YES_ERROR;
				CLANG_WARN_QUOTED_INCLUDE_IN_FRAMEWORK_HEADER = YES;
				CLANG_WARN_RANGE_LOOP_ANALYSIS = YES;
				CLANG_WARN_STRICT_PROTOTYPES = YES;
				CLANG_WARN_SUSPICIOUS_MOVE = YES;
				CLANG_WARN_UNGUARDED_AVAILABILITY = YES_AGGRESSIVE;
				CLANG_WARN_UNREACHABLE_CODE = YES;
				CLANG_WARN__DUPLICATE_METHOD_MATCH = YES;
				COPY_PHASE_STRIP = NO;
				DEBUG_INFORMATION_FORMAT = "dwarf-with-dsym";
				ENABLE_NS_ASSERTIONS = NO;
				ENABLE_STRICT_OBJC_MSGSEND = YES;
				GCC_C_LANGUAGE_STANDARD = gnu11;
				GCC_NO_COMMON_BLOCKS = YES;
				GCC_WARN_64_TO_32_BIT_CONVERSION = YES;
				GCC_WARN_ABOUT_RETURN_TYPE = YES_ERROR;
				GCC_WARN_UNDECLARED_SELECTOR = YES;
				GCC_WARN_UNINITIALIZED_AUTOS = YES_AGGRESSIVE;
				GCC_WARN_UNUSED_FUNCTION = YES;
				GCC_WARN_UNUSED_VARIABLE = YES;
				IPHONEOS_DEPLOYMENT_TARGET = 16.4;
				MTL_ENABLE_DEBUG_INFO = NO;
				MTL_FAST_MATH = YES;
				SDKROOT = iphoneos;
				SWIFT_COMPILATION_MODE = wholemodule;
				SWIFT_OPTIMIZATION_LEVEL = "-O";
				VALIDATE_PRODUCT = YES;
			};
			name = Release;
		};
		D87337B02A80966900BE6F6A /* Debug */ = {
			isa = XCBuildConfiguration;
			buildSettings = {
				ASSETCATALOG_COMPILER_APPICON_NAME = AppIcon;
				ASSETCATALOG_COMPILER_GLOBAL_ACCENT_COLOR_NAME = AccentColor;
				CODE_SIGN_STYLE = Automatic;
				CURRENT_PROJECT_VERSION = 1;
				DEVELOPMENT_TEAM = AM9D6522QR;
				GENERATE_INFOPLIST_FILE = YES;
				INFOPLIST_FILE = SeSACWeek4/Info.plist;
				INFOPLIST_KEY_UIApplicationSupportsIndirectInputEvents = YES;
				INFOPLIST_KEY_UILaunchStoryboardName = LaunchScreen;
				INFOPLIST_KEY_UIMainStoryboardFile = Main;
				INFOPLIST_KEY_UISupportedInterfaceOrientations_iPad = "UIInterfaceOrientationPortrait UIInterfaceOrientationPortraitUpsideDown UIInterfaceOrientationLandscapeLeft UIInterfaceOrientationLandscapeRight";
				INFOPLIST_KEY_UISupportedInterfaceOrientations_iPhone = "UIInterfaceOrientationPortrait UIInterfaceOrientationLandscapeLeft UIInterfaceOrientationLandscapeRight";
				LD_RUNPATH_SEARCH_PATHS = (
					"$(inherited)",
					"@executable_path/Frameworks",
				);
				MARKETING_VERSION = 1.0;
				PRODUCT_BUNDLE_IDENTIFIER = com.Sun.SeSACWeek4;
				PRODUCT_NAME = "$(TARGET_NAME)";
				SWIFT_EMIT_LOC_STRINGS = YES;
				SWIFT_VERSION = 5.0;
				TARGETED_DEVICE_FAMILY = "1,2";
			};
			name = Debug;
		};
		D87337B12A80966900BE6F6A /* Release */ = {
			isa = XCBuildConfiguration;
			buildSettings = {
				ASSETCATALOG_COMPILER_APPICON_NAME = AppIcon;
				ASSETCATALOG_COMPILER_GLOBAL_ACCENT_COLOR_NAME = AccentColor;
				CODE_SIGN_STYLE = Automatic;
				CURRENT_PROJECT_VERSION = 1;
				DEVELOPMENT_TEAM = AM9D6522QR;
				GENERATE_INFOPLIST_FILE = YES;
				INFOPLIST_FILE = SeSACWeek4/Info.plist;
				INFOPLIST_KEY_UIApplicationSupportsIndirectInputEvents = YES;
				INFOPLIST_KEY_UILaunchStoryboardName = LaunchScreen;
				INFOPLIST_KEY_UIMainStoryboardFile = Main;
				INFOPLIST_KEY_UISupportedInterfaceOrientations_iPad = "UIInterfaceOrientationPortrait UIInterfaceOrientationPortraitUpsideDown UIInterfaceOrientationLandscapeLeft UIInterfaceOrientationLandscapeRight";
				INFOPLIST_KEY_UISupportedInterfaceOrientations_iPhone = "UIInterfaceOrientationPortrait UIInterfaceOrientationLandscapeLeft UIInterfaceOrientationLandscapeRight";
				LD_RUNPATH_SEARCH_PATHS = (
					"$(inherited)",
					"@executable_path/Frameworks",
				);
				MARKETING_VERSION = 1.0;
				PRODUCT_BUNDLE_IDENTIFIER = com.Sun.SeSACWeek4;
				PRODUCT_NAME = "$(TARGET_NAME)";
				SWIFT_EMIT_LOC_STRINGS = YES;
				SWIFT_VERSION = 5.0;
				TARGETED_DEVICE_FAMILY = "1,2";
			};
			name = Release;
		};
/* End XCBuildConfiguration section */

/* Begin XCConfigurationList section */
		D87337962A80966700BE6F6A /* Build configuration list for PBXProject "SeSACWeek4" */ = {
			isa = XCConfigurationList;
			buildConfigurations = (
				D87337AD2A80966900BE6F6A /* Debug */,
				D87337AE2A80966900BE6F6A /* Release */,
			);
			defaultConfigurationIsVisible = 0;
			defaultConfigurationName = Release;
		};
		D87337AF2A80966900BE6F6A /* Build configuration list for PBXNativeTarget "SeSACWeek4" */ = {
			isa = XCConfigurationList;
			buildConfigurations = (
				D87337B02A80966900BE6F6A /* Debug */,
				D87337B12A80966900BE6F6A /* Release */,
			);
			defaultConfigurationIsVisible = 0;
			defaultConfigurationName = Release;
		};
/* End XCConfigurationList section */

/* Begin XCRemoteSwiftPackageReference section */
		D87337B22A8096B100BE6F6A /* XCRemoteSwiftPackageReference "Alamofire" */ = {
			isa = XCRemoteSwiftPackageReference;
			repositoryURL = "https://github.com/Alamofire/Alamofire";
			requirement = {
				kind = upToNextMajorVersion;
				minimumVersion = 5.0.0;
			};
		};
		D87337B52A8096BF00BE6F6A /* XCRemoteSwiftPackageReference "Kingfisher" */ = {
			isa = XCRemoteSwiftPackageReference;
			repositoryURL = "https://github.com/onevcat/Kingfisher.git";
			requirement = {
				kind = upToNextMajorVersion;
				minimumVersion = 7.0.0;
			};
		};
		D87337B82A8096CD00BE6F6A /* XCRemoteSwiftPackageReference "SwiftyJSON" */ = {
			isa = XCRemoteSwiftPackageReference;
			repositoryURL = "https://github.com/SwiftyJSON/SwiftyJSON";
			requirement = {
				kind = upToNextMajorVersion;
				minimumVersion = 5.0.0;
			};
		};
/* End XCRemoteSwiftPackageReference section */

/* Begin XCSwiftPackageProductDependency section */
		D87337B32A8096B100BE6F6A /* Alamofire */ = {
			isa = XCSwiftPackageProductDependency;
			package = D87337B22A8096B100BE6F6A /* XCRemoteSwiftPackageReference "Alamofire" */;
			productName = Alamofire;
		};
		D87337B62A8096BF00BE6F6A /* Kingfisher */ = {
			isa = XCSwiftPackageProductDependency;
			package = D87337B52A8096BF00BE6F6A /* XCRemoteSwiftPackageReference "Kingfisher" */;
			productName = Kingfisher;
		};
		D87337B92A8096CD00BE6F6A /* SwiftyJSON */ = {
			isa = XCSwiftPackageProductDependency;
			package = D87337B82A8096CD00BE6F6A /* XCRemoteSwiftPackageReference "SwiftyJSON" */;
			productName = SwiftyJSON;
		};
/* End XCSwiftPackageProductDependency section */
	};
	rootObject = D87337932A80966700BE6F6A /* Project object */;
}
